
Microsoft Visual Studio Solution File, Format Version 12.00
# Visual Studio Version 17
VisualStudioVersion = 17.10.35013.160
MinimumVisualStudioVersion = 10.0.40219.1
Project("{FAE04EC0-301F-11D3-BF4B-00C04F79EFBC}") = "CarRental.UI", "CarRental.UI\CarRental.UI.csproj", "{86216497-2582-493F-A10A-C8E1CBEE0383}"
EndProject
Project("{FAE04EC0-301F-11D3-BF4B-00C04F79EFBC}") = "CarRental.BusinessLayer", "CarRental.BusinessLayer\CarRental.BusinessLayer.csproj", "{AFEF99E8-1AAB-4AE4-ADB8-D2FBF0CED4A5}"
EndProject
Project("{FAE04EC0-301F-11D3-BF4B-00C04F79EFBC}") = "CarRental.DataLayer", "CarRental.DataLayer\CarRental.DataLayer.csproj", "{BF1D6BCE-2715-4EA9-9746-83A9948DA675}"
EndProject
Project("{FAE04EC0-301F-11D3-BF4B-00C04F79EFBC}") = "CarRental.TypeLayer", "CarRental.TypeLayer\CarRental.TypeLayer.csproj", "{2083CC66-4EE5-4FD8-96C7-580F0D11DB85}"
EndProject
Project("{54435603-DBB4-11D2-8724-00A0C9A8B90C}") = "Yükleme", "Yükleme\Yükleme.vdproj", "{80547361-6640-4174-B8BD-98FBFBEA874B}"
EndProject
Global
	GlobalSection(SolutionConfigurationPlatforms) = preSolution
		Debug|Any CPU = Debug|Any CPU
		Release|Any CPU = Release|Any CPU
	EndGlobalSection
	GlobalSection(ProjectConfigurationPlatforms) = postSolution
		{86216497-2582-493F-A10A-C8E1CBEE0383}.Debug|Any CPU.ActiveCfg = Debug|Any CPU
		{86216497-2582-493F-A10A-C8E1CBEE0383}.Debug|Any CPU.Build.0 = Debug|Any CPU
		{86216497-2582-493F-A10A-C8E1CBEE0383}.Release|Any CPU.ActiveCfg = Release|Any CPU
		{86216497-2582-493F-A10A-C8E1CBEE0383}.Release|Any CPU.Build.0 = Release|Any CPU
		{AFEF99E8-1AAB-4AE4-ADB8-D2FBF0CED4A5}.Debug|Any CPU.ActiveCfg = Debug|Any CPU
		{AFEF99E8-1AAB-4AE4-ADB8-D2FBF0CED4A5}.Debug|Any CPU.Build.0 = Debug|Any CPU
		{AFEF99E8-1AAB-4AE4-ADB8-D2FBF0CED4A5}.Release|Any CPU.ActiveCfg = Release|Any CPU
		{AFEF99E8-1AAB-4AE4-ADB8-D2FBF0CED4A5}.Release|Any CPU.Build.0 = Release|Any CPU
		{BF1D6BCE-2715-4EA9-9746-83A9948DA675}.Debug|Any CPU.ActiveCfg = Debug|Any CPU
		{BF1D6BCE-2715-4EA9-9746-83A9948DA675}.Debug|Any CPU.Build.0 = Debug|Any CPU
		{BF1D6BCE-2715-4EA9-9746-83A9948DA675}.Release|Any CPU.ActiveCfg = Release|Any CPU
		{BF1D6BCE-2715-4EA9-9746-83A9948DA675}.Release|Any CPU.Build.0 = Release|Any CPU
		{2083CC66-4EE5-4FD8-96C7-580F0D11DB85}.Debug|Any CPU.ActiveCfg = Debug|Any CPU
		{2083CC66-4EE5-4FD8-96C7-580F0D11DB85}.Debug|Any CPU.Build.0 = Debug|Any CPU
		{2083CC66-4EE5-4FD8-96C7-580F0D11DB85}.Release|Any CPU.ActiveCfg = Release|Any CPU
		{2083CC66-4EE5-4FD8-96C7-580F0D11DB85}.Release|Any CPU.Build.0 = Release|Any CPU
		{80547361-6640-4174-B8BD-98FBFBEA874B}.Debug|Any CPU.ActiveCfg = Debug
		{80547361-6640-4174-B8BD-98FBFBEA874B}.Release|Any CPU.ActiveCfg = Release
	EndGlobalSection
	GlobalSection(SolutionProperties) = preSolution
		HideSolutionNode = FALSE
	EndGlobalSection
	GlobalSection(ExtensibilityGlobals) = postSolution
		SolutionGuid = {9DDDC055-3E4F-4DB1-A7E9-4FBED69F763E}
	EndGlobalSection
EndGlobal
